
Microsoft Visual Studio Solution File, Format Version 12.00
# Visual Studio Version 17
VisualStudioVersion = 17.9.34701.34
MinimumVisualStudioVersion = 10.0.40219.1
Project("{9A19103F-16F7-4668-BE54-9A1E7A4F7556}") = "GestionLaverie", "GestionLaverie\GestionLaverie.csproj", "{09052303-1251-4008-8B9E-02494073A39D}"
EndProject
Project("{9A19103F-16F7-4668-BE54-9A1E7A4F7556}") = "GestionLaverie.Domaine", "GestionLaverie.Domaine\GestionLaverie.Domaine.csproj", "{39BED81D-85AE-42D2-A376-3EE7EA8A30D2}"
EndProject
Project("{9A19103F-16F7-4668-BE54-9A1E7A4F7556}") = "LiverieSimulator", "LiverieSimulator\LiverieSimulator.csproj", "{8F891C9A-C75B-4B93-B06B-D3448439351C}"
EndProject
Global
	GlobalSection(SolutionConfigurationPlatforms) = preSolution
		Debug|Any CPU = Debug|Any CPU
		Release|Any CPU = Release|Any CPU
	EndGlobalSection
	GlobalSection(ProjectConfigurationPlatforms) = postSolution
		{09052303-1251-4008-8B9E-02494073A39D}.Debug|Any CPU.ActiveCfg = Debug|Any CPU
		{09052303-1251-4008-8B9E-02494073A39D}.Debug|Any CPU.Build.0 = Debug|Any CPU
		{09052303-1251-4008-8B9E-02494073A39D}.Release|Any CPU.ActiveCfg = Release|Any CPU
		{09052303-1251-4008-8B9E-02494073A39D}.Release|Any CPU.Build.0 = Release|Any CPU
		{39BED81D-85AE-42D2-A376-3EE7EA8A30D2}.Debug|Any CPU.ActiveCfg = Debug|Any CPU
		{39BED81D-85AE-42D2-A376-3EE7EA8A30D2}.Release|Any CPU.ActiveCfg = Release|Any CPU
		{39BED81D-85AE-42D2-A376-3EE7EA8A30D2}.Release|Any CPU.Build.0 = Release|Any CPU
		{8F891C9A-C75B-4B93-B06B-D3448439351C}.Debug|Any CPU.ActiveCfg = Debug|Any CPU
		{8F891C9A-C75B-4B93-B06B-D3448439351C}.Release|Any CPU.ActiveCfg = Release|Any CPU
		{8F891C9A-C75B-4B93-B06B-D3448439351C}.Release|Any CPU.Build.0 = Release|Any CPU
	EndGlobalSection
	GlobalSection(SolutionProperties) = preSolution
		HideSolutionNode = FALSE
	EndGlobalSection
	GlobalSection(ExtensibilityGlobals) = postSolution
		SolutionGuid = {FD57506D-276D-4291-8C67-86ECC70E5880}
	EndGlobalSection
EndGlobal
